
Microsoft Visual Studio Solution File, Format Version 12.00
# Visual Studio Version 16
VisualStudioVersion = 16.0.30907.101
MinimumVisualStudioVersion = 10.0.40219.1
Project("{FAE04EC0-301F-11D3-BF4B-00C04F79EFBC}") = "Chef.Android", "Chef\Chef.Android\Chef.Android.csproj", "{B4CD32AE-6696-4045-9A32-104D6A793D3A}"
EndProject
Project("{FAE04EC0-301F-11D3-BF4B-00C04F79EFBC}") = "Chef", "Chef\Chef\Chef.csproj", "{2DDB8370-E08F-40ED-ABA8-1E88F9AEBEB5}"
EndProject
Global
	GlobalSection(SolutionConfigurationPlatforms) = preSolution
		Debug|Any CPU = Debug|Any CPU
		Release|Any CPU = Release|Any CPU
	EndGlobalSection
	GlobalSection(ProjectConfigurationPlatforms) = postSolution
		{B4CD32AE-6696-4045-9A32-104D6A793D3A}.Debug|Any CPU.ActiveCfg = Debug|Any CPU
		{B4CD32AE-6696-4045-9A32-104D6A793D3A}.Debug|Any CPU.Build.0 = Debug|Any CPU
		{B4CD32AE-6696-4045-9A32-104D6A793D3A}.Debug|Any CPU.Deploy.0 = Debug|Any CPU
		{B4CD32AE-6696-4045-9A32-104D6A793D3A}.Release|Any CPU.ActiveCfg = Release|Any CPU
		{B4CD32AE-6696-4045-9A32-104D6A793D3A}.Release|Any CPU.Build.0 = Release|Any CPU
		{B4CD32AE-6696-4045-9A32-104D6A793D3A}.Release|Any CPU.Deploy.0 = Release|Any CPU
		{2DDB8370-E08F-40ED-ABA8-1E88F9AEBEB5}.Debug|Any CPU.ActiveCfg = Debug|Any CPU
		{2DDB8370-E08F-40ED-ABA8-1E88F9AEBEB5}.Debug|Any CPU.Build.0 = Debug|Any CPU
		{2DDB8370-E08F-40ED-ABA8-1E88F9AEBEB5}.Debug|Any CPU.Deploy.0 = Debug|Any CPU
		{2DDB8370-E08F-40ED-ABA8-1E88F9AEBEB5}.Release|Any CPU.ActiveCfg = Release|Any CPU
		{2DDB8370-E08F-40ED-ABA8-1E88F9AEBEB5}.Release|Any CPU.Build.0 = Release|Any CPU
		{2DDB8370-E08F-40ED-ABA8-1E88F9AEBEB5}.Release|Any CPU.Deploy.0 = Release|Any CPU
	EndGlobalSection
	GlobalSection(SolutionProperties) = preSolution
		HideSolutionNode = FALSE
	EndGlobalSection
	GlobalSection(ExtensibilityGlobals) = postSolution
		SolutionGuid = {EA31AD97-FEF8-4690-858A-1BE68724D653}
	EndGlobalSection
EndGlobal
